
Microsoft Visual Studio Solution File, Format Version 12.00
# Visual Studio Version 18
VisualStudioVersion = 18.3.11520.95
MinimumVisualStudioVersion = 10.0.40219.1
Project("{2150E333-8FDC-42A3-9474-1A3956D46DE8}") = "src", "src", "{B4C68BC1-722B-4069-9E4D-7E7FB04FA20A}"
EndProject
Project("{2150E333-8FDC-42A3-9474-1A3956D46DE8}") = "tests", "tests", "{CE774A12-53F2-4F94-ADFA-96E36863AED4}"
EndProject
Project("{FAE04EC0-301F-11D3-BF4B-00C04F79EFBC}") = "Lexer", "src\Lexer\Lexer.csproj", "{DB84DCBF-843B-42C0-8E31-61172BDFB309}"
EndProject
Project("{FAE04EC0-301F-11D3-BF4B-00C04F79EFBC}") = "Parser", "src\Parser\Parser.csproj", "{FECE5D5F-BECF-4AE9-A86A-9E3717168092}"
EndProject
Project("{FAE04EC0-301F-11D3-BF4B-00C04F79EFBC}") = "Ast", "src\Ast\Ast.csproj", "{5948D805-8E21-4741-AB19-1DD75D6AF5F6}"
EndProject
Project("{FAE04EC0-301F-11D3-BF4B-00C04F79EFBC}") = "Runtime", "src\Runtime\Runtime.csproj", "{4047DB47-9D82-4203-BB2A-3ADCE3D4AD4F}"
EndProject
Project("{FAE04EC0-301F-11D3-BF4B-00C04F79EFBC}") = "VirtualMachine", "src\VirtualMachine\VirtualMachine.csproj", "{6E6AEC81-9A8D-4912-8361-4D600B131B9B}"
EndProject
Project("{FAE04EC0-301F-11D3-BF4B-00C04F79EFBC}") = "Lexer.UnitTests", "tests\Lexer.UnitTests\Lexer.UnitTests.csproj", "{1C99B45A-34B7-4A05-B5FF-C1FCEBBD3B5C}"
EndProject
Project("{FAE04EC0-301F-11D3-BF4B-00C04F79EFBC}") = "VirtualMachineCodegen", "src\VirtualMachineCodegen\VirtualMachineCodegen.csproj", "{C31F0783-FF42-83D5-7999-40FF902C81B0}"
EndProject
Project("{FAE04EC0-301F-11D3-BF4B-00C04F79EFBC}") = "Semantics", "src\Semantics\Semantics.csproj", "{18F8E4DE-8C5F-CDBA-CBEF-29F722796569}"
EndProject
Project("{FAE04EC0-301F-11D3-BF4B-00C04F79EFBC}") = "VirtualMachine.UnitTests", "tests\VirtualMachine.UnitTests\VirtualMachine.UnitTests.csproj", "{CEA7ADA7-A707-4740-8647-DBC8807D60B1}"
EndProject
Project("{FAE04EC0-301F-11D3-BF4B-00C04F79EFBC}") = "TestLibrary", "tests\TestLibrary\TestLibrary.csproj", "{6587D726-9EF5-469A-BABA-F1811E27F7E2}"
EndProject
Project("{FAE04EC0-301F-11D3-BF4B-00C04F79EFBC}") = "Interpreter", "src\Interpreter\Interpreter.csproj", "{F8C35F58-C04E-4EB7-9BAB-B757FB4871A8}"
EndProject
Project("{FAE04EC0-301F-11D3-BF4B-00C04F79EFBC}") = "Interpreter.IntegrationTests", "tests\Interpreter.IntegrationTests\Interpreter.IntegrationTests.csproj", "{C01E1E54-93BD-4558-9F53-54410A06E32A}"
EndProject
Global
	GlobalSection(SolutionConfigurationPlatforms) = preSolution
		Debug|Any CPU = Debug|Any CPU
		Debug|x64 = Debug|x64
		Debug|x86 = Debug|x86
		Release|Any CPU = Release|Any CPU
		Release|x64 = Release|x64
		Release|x86 = Release|x86
	EndGlobalSection
	GlobalSection(ProjectConfigurationPlatforms) = postSolution
		{DB84DCBF-843B-42C0-8E31-61172BDFB309}.Debug|Any CPU.ActiveCfg = Debug|Any CPU
		{DB84DCBF-843B-42C0-8E31-61172BDFB309}.Debug|Any CPU.Build.0 = Debug|Any CPU
		{DB84DCBF-843B-42C0-8E31-61172BDFB309}.Debug|x64.ActiveCfg = Debug|Any CPU
		{DB84DCBF-843B-42C0-8E31-61172BDFB309}.Debug|x64.Build.0 = Debug|Any CPU
		{DB84DCBF-843B-42C0-8E31-61172BDFB309}.Debug|x86.ActiveCfg = Debug|Any CPU
		{DB84DCBF-843B-42C0-8E31-61172BDFB309}.Debug|x86.Build.0 = Debug|Any CPU
		{DB84DCBF-843B-42C0-8E31-61172BDFB309}.Release|Any CPU.ActiveCfg = Release|Any CPU
		{DB84DCBF-843B-42C0-8E31-61172BDFB309}.Release|Any CPU.Build.0 = Release|Any CPU
		{DB84DCBF-843B-42C0-8E31-61172BDFB309}.Release|x64.ActiveCfg = Release|Any CPU
		{DB84DCBF-843B-42C0-8E31-61172BDFB309}.Release|x64.Build.0 = Release|Any CPU
		{DB84DCBF-843B-42C0-8E31-61172BDFB309}.Release|x86.ActiveCfg = Release|Any CPU
		{DB84DCBF-843B-42C0-8E31-61172BDFB309}.Release|x86.Build.0 = Release|Any CPU
		{FECE5D5F-BECF-4AE9-A86A-9E3717168092}.Debug|Any CPU.ActiveCfg = Debug|Any CPU
		{FECE5D5F-BECF-4AE9-A86A-9E3717168092}.Debug|Any CPU.Build.0 = Debug|Any CPU
		{FECE5D5F-BECF-4AE9-A86A-9E3717168092}.Debug|x64.ActiveCfg = Debug|Any CPU
		{FECE5D5F-BECF-4AE9-A86A-9E3717168092}.Debug|x64.Build.0 = Debug|Any CPU
		{FECE5D5F-BECF-4AE9-A86A-9E3717168092}.Debug|x86.ActiveCfg = Debug|Any CPU
		{FECE5D5F-BECF-4AE9-A86A-9E3717168092}.Debug|x86.Build.0 = Debug|Any CPU
		{FECE5D5F-BECF-4AE9-A86A-9E3717168092}.Release|Any CPU.ActiveCfg = Release|Any CPU
		{FECE5D5F-BECF-4AE9-A86A-9E3717168092}.Release|Any CPU.Build.0 = Release|Any CPU
		{FECE5D5F-BECF-4AE9-A86A-9E3717168092}.Release|x64.ActiveCfg = Release|Any CPU
		{FECE5D5F-BECF-4AE9-A86A-9E3717168092}.Release|x64.Build.0 = Release|Any CPU
		{FECE5D5F-BECF-4AE9-A86A-9E3717168092}.Release|x86.ActiveCfg = Release|Any CPU
		{FECE5D5F-BECF-4AE9-A86A-9E3717168092}.Release|x86.Build.0 = Release|Any CPU
		{5948D805-8E21-4741-AB19-1DD75D6AF5F6}.Debug|Any CPU.ActiveCfg = Debug|Any CPU
		{5948D805-8E21-4741-AB19-1DD75D6AF5F6}.Debug|Any CPU.Build.0 = Debug|Any CPU
		{5948D805-8E21-4741-AB19-1DD75D6AF5F6}.Debug|x64.ActiveCfg = Debug|Any CPU
		{5948D805-8E21-4741-AB19-1DD75D6AF5F6}.Debug|x64.Build.0 = Debug|Any CPU
		{5948D805-8E21-4741-AB19-1DD75D6AF5F6}.Debug|x86.ActiveCfg = Debug|Any CPU
		{5948D805-8E21-4741-AB19-1DD75D6AF5F6}.Debug|x86.Build.0 = Debug|Any CPU
		{5948D805-8E21-4741-AB19-1DD75D6AF5F6}.Release|Any CPU.ActiveCfg = Release|Any CPU
		{5948D805-8E21-4741-AB19-1DD75D6AF5F6}.Release|Any CPU.Build.0 = Release|Any CPU
		{5948D805-8E21-4741-AB19-1DD75D6AF5F6}.Release|x64.ActiveCfg = Release|Any CPU
		{5948D805-8E21-4741-AB19-1DD75D6AF5F6}.Release|x64.Build.0 = Release|Any CPU
		{5948D805-8E21-4741-AB19-1DD75D6AF5F6}.Release|x86.ActiveCfg = Release|Any CPU
		{5948D805-8E21-4741-AB19-1DD75D6AF5F6}.Release|x86.Build.0 = Release|Any CPU
		{4047DB47-9D82-4203-BB2A-3ADCE3D4AD4F}.Debug|Any CPU.ActiveCfg = Debug|Any CPU
		{4047DB47-9D82-4203-BB2A-3ADCE3D4AD4F}.Debug|Any CPU.Build.0 = Debug|Any CPU
		{4047DB47-9D82-4203-BB2A-3ADCE3D4AD4F}.Debug|x64.ActiveCfg = Debug|Any CPU
		{4047DB47-9D82-4203-BB2A-3ADCE3D4AD4F}.Debug|x64.Build.0 = Debug|Any CPU
		{4047DB47-9D82-4203-BB2A-3ADCE3D4AD4F}.Debug|x86.ActiveCfg = Debug|Any CPU
		{4047DB47-9D82-4203-BB2A-3ADCE3D4AD4F}.Debug|x86.Build.0 = Debug|Any CPU
		{4047DB47-9D82-4203-BB2A-3ADCE3D4AD4F}.Release|Any CPU.ActiveCfg = Release|Any CPU
		{4047DB47-9D82-4203-BB2A-3ADCE3D4AD4F}.Release|Any CPU.Build.0 = Release|Any CPU
		{4047DB47-9D82-4203-BB2A-3ADCE3D4AD4F}.Release|x64.ActiveCfg = Release|Any CPU
		{4047DB47-9D82-4203-BB2A-3ADCE3D4AD4F}.Release|x64.Build.0 = Release|Any CPU
		{4047DB47-9D82-4203-BB2A-3ADCE3D4AD4F}.Release|x86.ActiveCfg = Release|Any CPU
		{4047DB47-9D82-4203-BB2A-3ADCE3D4AD4F}.Release|x86.Build.0 = Release|Any CPU
		{6E6AEC81-9A8D-4912-8361-4D600B131B9B}.Debug|Any CPU.ActiveCfg = Debug|Any CPU
		{6E6AEC81-9A8D-4912-8361-4D600B131B9B}.Debug|Any CPU.Build.0 = Debug|Any CPU
		{6E6AEC81-9A8D-4912-8361-4D600B131B9B}.Debug|x64.ActiveCfg = Debug|Any CPU
		{6E6AEC81-9A8D-4912-8361-4D600B131B9B}.Debug|x64.Build.0 = Debug|Any CPU
		{6E6AEC81-9A8D-4912-8361-4D600B131B9B}.Debug|x86.ActiveCfg = Debug|Any CPU
		{6E6AEC81-9A8D-4912-8361-4D600B131B9B}.Debug|x86.Build.0 = Debug|Any CPU
		{6E6AEC81-9A8D-4912-8361-4D600B131B9B}.Release|Any CPU.ActiveCfg = Release|Any CPU
		{6E6AEC81-9A8D-4912-8361-4D600B131B9B}.Release|Any CPU.Build.0 = Release|Any CPU
		{6E6AEC81-9A8D-4912-8361-4D600B131B9B}.Release|x64.ActiveCfg = Release|Any CPU
		{6E6AEC81-9A8D-4912-8361-4D600B131B9B}.Release|x64.Build.0 = Release|Any CPU
		{6E6AEC81-9A8D-4912-8361-4D600B131B9B}.Release|x86.ActiveCfg = Release|Any CPU
		{6E6AEC81-9A8D-4912-8361-4D600B131B9B}.Release|x86.Build.0 = Release|Any CPU
		{1C99B45A-34B7-4A05-B5FF-C1FCEBBD3B5C}.Debug|Any CPU.ActiveCfg = Debug|Any CPU
		{1C99B45A-34B7-4A05-B5FF-C1FCEBBD3B5C}.Debug|Any CPU.Build.0 = Debug|Any CPU
		{1C99B45A-34B7-4A05-B5FF-C1FCEBBD3B5C}.Debug|x64.ActiveCfg = Debug|Any CPU
		{1C99B45A-34B7-4A05-B5FF-C1FCEBBD3B5C}.Debug|x64.Build.0 = Debug|Any CPU
		{1C99B45A-34B7-4A05-B5FF-C1FCEBBD3B5C}.Debug|x86.ActiveCfg = Debug|Any CPU
		{1C99B45A-34B7-4A05-B5FF-C1FCEBBD3B5C}.Debug|x86.Build.0 = Debug|Any CPU
		{1C99B45A-34B7-4A05-B5FF-C1FCEBBD3B5C}.Release|Any CPU.ActiveCfg = Release|Any CPU
		{1C99B45A-34B7-4A05-B5FF-C1FCEBBD3B5C}.Release|Any CPU.Build.0 = Release|Any CPU
		{1C99B45A-34B7-4A05-B5FF-C1FCEBBD3B5C}.Release|x64.ActiveCfg = Release|Any CPU
		{1C99B45A-34B7-4A05-B5FF-C1FCEBBD3B5C}.Release|x64.Build.0 = Release|Any CPU
		{1C99B45A-34B7-4A05-B5FF-C1FCEBBD3B5C}.Release|x86.ActiveCfg = Release|Any CPU
		{1C99B45A-34B7-4A05-B5FF-C1FCEBBD3B5C}.Release|x86.Build.0 = Release|Any CPU
		{C31F0783-FF42-83D5-7999-40FF902C81B0}.Debug|Any CPU.ActiveCfg = Debug|Any CPU
		{C31F0783-FF42-83D5-7999-40FF902C81B0}.Debug|Any CPU.Build.0 = Debug|Any CPU
		{C31F0783-FF42-83D5-7999-40FF902C81B0}.Debug|x64.ActiveCfg = Debug|Any CPU
		{C31F0783-FF42-83D5-7999-40FF902C81B0}.Debug|x64.Build.0 = Debug|Any CPU
		{C31F0783-FF42-83D5-7999-40FF902C81B0}.Debug|x86.ActiveCfg = Debug|Any CPU
		{C31F0783-FF42-83D5-7999-40FF902C81B0}.Debug|x86.Build.0 = Debug|Any CPU
		{C31F0783-FF42-83D5-7999-40FF902C81B0}.Release|Any CPU.ActiveCfg = Release|Any CPU
		{C31F0783-FF42-83D5-7999-40FF902C81B0}.Release|Any CPU.Build.0 = Release|Any CPU
		{C31F0783-FF42-83D5-7999-40FF902C81B0}.Release|x64.ActiveCfg = Release|Any CPU
		{C31F0783-FF42-83D5-7999-40FF902C81B0}.Release|x64.Build.0 = Release|Any CPU
		{C31F0783-FF42-83D5-7999-40FF902C81B0}.Release|x86.ActiveCfg = Release|Any CPU
		{C31F0783-FF42-83D5-7999-40FF902C81B0}.Release|x86.Build.0 = Release|Any CPU
		{18F8E4DE-8C5F-CDBA-CBEF-29F722796569}.Debug|Any CPU.ActiveCfg = Debug|Any CPU
		{18F8E4DE-8C5F-CDBA-CBEF-29F722796569}.Debug|Any CPU.Build.0 = Debug|Any CPU
		{18F8E4DE-8C5F-CDBA-CBEF-29F722796569}.Debug|x64.ActiveCfg = Debug|Any CPU
		{18F8E4DE-8C5F-CDBA-CBEF-29F722796569}.Debug|x64.Build.0 = Debug|Any CPU
		{18F8E4DE-8C5F-CDBA-CBEF-29F722796569}.Debug|x86.ActiveCfg = Debug|Any CPU
		{18F8E4DE-8C5F-CDBA-CBEF-29F722796569}.Debug|x86.Build.0 = Debug|Any CPU
		{18F8E4DE-8C5F-CDBA-CBEF-29F722796569}.Release|Any CPU.ActiveCfg = Release|Any CPU
		{18F8E4DE-8C5F-CDBA-CBEF-29F722796569}.Release|Any CPU.Build.0 = Release|Any CPU
		{18F8E4DE-8C5F-CDBA-CBEF-29F722796569}.Release|x64.ActiveCfg = Release|Any CPU
		{18F8E4DE-8C5F-CDBA-CBEF-29F722796569}.Release|x64.Build.0 = Release|Any CPU
		{18F8E4DE-8C5F-CDBA-CBEF-29F722796569}.Release|x86.ActiveCfg = Release|Any CPU
		{18F8E4DE-8C5F-CDBA-CBEF-29F722796569}.Release|x86.Build.0 = Release|Any CPU
		{CEA7ADA7-A707-4740-8647-DBC8807D60B1}.Debug|Any CPU.ActiveCfg = Debug|Any CPU
		{CEA7ADA7-A707-4740-8647-DBC8807D60B1}.Debug|Any CPU.Build.0 = Debug|Any CPU
		{CEA7ADA7-A707-4740-8647-DBC8807D60B1}.Debug|x64.ActiveCfg = Debug|Any CPU
		{CEA7ADA7-A707-4740-8647-DBC8807D60B1}.Debug|x64.Build.0 = Debug|Any CPU
		{CEA7ADA7-A707-4740-8647-DBC8807D60B1}.Debug|x86.ActiveCfg = Debug|Any CPU
		{CEA7ADA7-A707-4740-8647-DBC8807D60B1}.Debug|x86.Build.0 = Debug|Any CPU
		{CEA7ADA7-A707-4740-8647-DBC8807D60B1}.Release|Any CPU.ActiveCfg = Release|Any CPU
		{CEA7ADA7-A707-4740-8647-DBC8807D60B1}.Release|Any CPU.Build.0 = Release|Any CPU
		{CEA7ADA7-A707-4740-8647-DBC8807D60B1}.Release|x64.ActiveCfg = Release|Any CPU
		{CEA7ADA7-A707-4740-8647-DBC8807D60B1}.Release|x64.Build.0 = Release|Any CPU
		{CEA7ADA7-A707-4740-8647-DBC8807D60B1}.Release|x86.ActiveCfg = Release|Any CPU
		{CEA7ADA7-A707-4740-8647-DBC8807D60B1}.Release|x86.Build.0 = Release|Any CPU
		{6587D726-9EF5-469A-BABA-F1811E27F7E2}.Debug|Any CPU.ActiveCfg = Debug|Any CPU
		{6587D726-9EF5-469A-BABA-F1811E27F7E2}.Debug|Any CPU.Build.0 = Debug|Any CPU
		{6587D726-9EF5-469A-BABA-F1811E27F7E2}.Debug|x64.ActiveCfg = Debug|Any CPU
		{6587D726-9EF5-469A-BABA-F1811E27F7E2}.Debug|x64.Build.0 = Debug|Any CPU
		{6587D726-9EF5-469A-BABA-F1811E27F7E2}.Debug|x86.ActiveCfg = Debug|Any CPU
		{6587D726-9EF5-469A-BABA-F1811E27F7E2}.Debug|x86.Build.0 = Debug|Any CPU
		{6587D726-9EF5-469A-BABA-F1811E27F7E2}.Release|Any CPU.ActiveCfg = Release|Any CPU
		{6587D726-9EF5-469A-BABA-F1811E27F7E2}.Release|Any CPU.Build.0 = Release|Any CPU
		{6587D726-9EF5-469A-BABA-F1811E27F7E2}.Release|x64.ActiveCfg = Release|Any CPU
		{6587D726-9EF5-469A-BABA-F1811E27F7E2}.Release|x64.Build.0 = Release|Any CPU
		{6587D726-9EF5-469A-BABA-F1811E27F7E2}.Release|x86.ActiveCfg = Release|Any CPU
		{6587D726-9EF5-469A-BABA-F1811E27F7E2}.Release|x86.Build.0 = Release|Any CPU
		{F8C35F58-C04E-4EB7-9BAB-B757FB4871A8}.Debug|Any CPU.ActiveCfg = Debug|Any CPU
		{F8C35F58-C04E-4EB7-9BAB-B757FB4871A8}.Debug|Any CPU.Build.0 = Debug|Any CPU
		{F8C35F58-C04E-4EB7-9BAB-B757FB4871A8}.Debug|x64.ActiveCfg = Debug|Any CPU
		{F8C35F58-C04E-4EB7-9BAB-B757FB4871A8}.Debug|x64.Build.0 = Debug|Any CPU
		{F8C35F58-C04E-4EB7-9BAB-B757FB4871A8}.Debug|x86.ActiveCfg = Debug|Any CPU
		{F8C35F58-C04E-4EB7-9BAB-B757FB4871A8}.Debug|x86.Build.0 = Debug|Any CPU
		{F8C35F58-C04E-4EB7-9BAB-B757FB4871A8}.Release|Any CPU.ActiveCfg = Release|Any CPU
		{F8C35F58-C04E-4EB7-9BAB-B757FB4871A8}.Release|Any CPU.Build.0 = Release|Any CPU
		{F8C35F58-C04E-4EB7-9BAB-B757FB4871A8}.Release|x64.ActiveCfg = Release|Any CPU
		{F8C35F58-C04E-4EB7-9BAB-B757FB4871A8}.Release|x64.Build.0 = Release|Any CPU
		{F8C35F58-C04E-4EB7-9BAB-B757FB4871A8}.Release|x86.ActiveCfg = Release|Any CPU
		{F8C35F58-C04E-4EB7-9BAB-B757FB4871A8}.Release|x86.Build.0 = Release|Any CPU
		{C01E1E54-93BD-4558-9F53-54410A06E32A}.Debug|Any CPU.ActiveCfg = Debug|Any CPU
		{C01E1E54-93BD-4558-9F53-54410A06E32A}.Debug|Any CPU.Build.0 = Debug|Any CPU
		{C01E1E54-93BD-4558-9F53-54410A06E32A}.Debug|x64.ActiveCfg = Debug|Any CPU
		{C01E1E54-93BD-4558-9F53-54410A06E32A}.Debug|x64.Build.0 = Debug|Any CPU
		{C01E1E54-93BD-4558-9F53-54410A06E32A}.Debug|x86.ActiveCfg = Debug|Any CPU
		{C01E1E54-93BD-4558-9F53-54410A06E32A}.Debug|x86.Build.0 = Debug|Any CPU
		{C01E1E54-93BD-4558-9F53-54410A06E32A}.Release|Any CPU.ActiveCfg = Release|Any CPU
		{C01E1E54-93BD-4558-9F53-54410A06E32A}.Release|Any CPU.Build.0 = Release|Any CPU
		{C01E1E54-93BD-4558-9F53-54410A06E32A}.Release|x64.ActiveCfg = Release|Any CPU
		{C01E1E54-93BD-4558-9F53-54410A06E32A}.Release|x64.Build.0 = Release|Any CPU
		{C01E1E54-93BD-4558-9F53-54410A06E32A}.Release|x86.ActiveCfg = Release|Any CPU
		{C01E1E54-93BD-4558-9F53-54410A06E32A}.Release|x86.Build.0 = Release|Any CPU
	EndGlobalSection
	GlobalSection(SolutionProperties) = preSolution
		HideSolutionNode = FALSE
	EndGlobalSection
	GlobalSection(NestedProjects) = preSolution
		{DB84DCBF-843B-42C0-8E31-61172BDFB309} = {B4C68BC1-722B-4069-9E4D-7E7FB04FA20A}
		{FECE5D5F-BECF-4AE9-A86A-9E3717168092} = {B4C68BC1-722B-4069-9E4D-7E7FB04FA20A}
		{5948D805-8E21-4741-AB19-1DD75D6AF5F6} = {B4C68BC1-722B-4069-9E4D-7E7FB04FA20A}
		{4047DB47-9D82-4203-BB2A-3ADCE3D4AD4F} = {B4C68BC1-722B-4069-9E4D-7E7FB04FA20A}
		{6E6AEC81-9A8D-4912-8361-4D600B131B9B} = {B4C68BC1-722B-4069-9E4D-7E7FB04FA20A}
		{1C99B45A-34B7-4A05-B5FF-C1FCEBBD3B5C} = {CE774A12-53F2-4F94-ADFA-96E36863AED4}
		{C31F0783-FF42-83D5-7999-40FF902C81B0} = {B4C68BC1-722B-4069-9E4D-7E7FB04FA20A}
		{18F8E4DE-8C5F-CDBA-CBEF-29F722796569} = {B4C68BC1-722B-4069-9E4D-7E7FB04FA20A}
		{CEA7ADA7-A707-4740-8647-DBC8807D60B1} = {CE774A12-53F2-4F94-ADFA-96E36863AED4}
		{6587D726-9EF5-469A-BABA-F1811E27F7E2} = {CE774A12-53F2-4F94-ADFA-96E36863AED4}
		{F8C35F58-C04E-4EB7-9BAB-B757FB4871A8} = {B4C68BC1-722B-4069-9E4D-7E7FB04FA20A}
		{C01E1E54-93BD-4558-9F53-54410A06E32A} = {CE774A12-53F2-4F94-ADFA-96E36863AED4}
	EndGlobalSection
	GlobalSection(ExtensibilityGlobals) = postSolution
		SolutionGuid = {A2D60A17-498A-4E9F-A0EE-49056E9581C7}
	EndGlobalSection
EndGlobal
